// !$*UTF8*$!
{
	archiveVersion = 1;
	classes = {
	};
	objectVersion = 56;
	objects = {

/* Begin PBXBuildFile section */
		8A233BAA29B79D1900C4E35B /* SelfDeallocChildCoordinator.swift in Sources */ = {isa = PBXBuildFile; fileRef = 8A233BA929B79D1900C4E35B /* SelfDeallocChildCoordinator.swift */; };
		8A233BAD29B79D4B00C4E35B /* SelfDeallocPresentedViewController.swift in Sources */ = {isa = PBXBuildFile; fileRef = 8A233BAC29B79D4B00C4E35B /* SelfDeallocPresentedViewController.swift */; };
		8A49601A29B933080053A54E /* RouterCoordinator.swift in Sources */ = {isa = PBXBuildFile; fileRef = 8A49601929B933080053A54E /* RouterCoordinator.swift */; };
		8A4AD1D629BBC3E3004AAC88 /* DeepLinkOption.swift in Sources */ = {isa = PBXBuildFile; fileRef = 8A4AD1D529BBC3E3004AAC88 /* DeepLinkOption.swift */; };
		8A4AD1DA29BBD544004AAC88 /* BasicChildOfChildCoordinator.swift in Sources */ = {isa = PBXBuildFile; fileRef = 8A4AD1D929BBD544004AAC88 /* BasicChildOfChildCoordinator.swift */; };
		8A4AD1DC29BBD595004AAC88 /* BasicChildOfChildPresentedVC.swift in Sources */ = {isa = PBXBuildFile; fileRef = 8A4AD1DB29BBD595004AAC88 /* BasicChildOfChildPresentedVC.swift */; };
		8AD00C1B29BA7B7800E2E3DF /* ChildViewData.swift in Sources */ = {isa = PBXBuildFile; fileRef = 8AD00C1A29BA7B7800E2E3DF /* ChildViewData.swift */; };
		8AD00C1F29BA80B400E2E3DF /* ChildViewDataChanged.swift in Sources */ = {isa = PBXBuildFile; fileRef = 8AD00C1E29BA80B400E2E3DF /* ChildViewDataChanged.swift */; };
		8AD00C2129BA8BDC00E2E3DF /* RouterChildPresentCoordinator.swift in Sources */ = {isa = PBXBuildFile; fileRef = 8AD00C2029BA8BDC00E2E3DF /* RouterChildPresentCoordinator.swift */; };
		8AD00C2329BA8F8700E2E3DF /* SceneCoordinator.swift in Sources */ = {isa = PBXBuildFile; fileRef = 8AD00C2229BA8F8700E2E3DF /* SceneCoordinator.swift */; };
		8AD4923129C0E1F200EFC3BB /* RouterChildOfChildCoordinator.swift in Sources */ = {isa = PBXBuildFile; fileRef = 8AD4923029C0E1F200EFC3BB /* RouterChildOfChildCoordinator.swift */; };
		8AD4923329C0E2A900EFC3BB /* RouterChildOfChildPresentedVC.swift in Sources */ = {isa = PBXBuildFile; fileRef = 8AD4923229C0E2A900EFC3BB /* RouterChildOfChildPresentedVC.swift */; };
		8AD4923529C0EC8600EFC3BB /* RouterTests.swift in Sources */ = {isa = PBXBuildFile; fileRef = 8AD4923429C0EC8600EFC3BB /* RouterTests.swift */; };
		8AD4923729C0EE1400EFC3BB /* NavigationController.swift in Sources */ = {isa = PBXBuildFile; fileRef = 8AD4923629C0EE1400EFC3BB /* NavigationController.swift */; };
		8AD4923929C10F5500EFC3BB /* RouterCoordinatorTests.swift in Sources */ = {isa = PBXBuildFile; fileRef = 8AD4923829C10F5500EFC3BB /* RouterCoordinatorTests.swift */; };
		8AD4923B29C11B6E00EFC3BB /* RouterMainCoordinatorTests.swift in Sources */ = {isa = PBXBuildFile; fileRef = 8AD4923A29C11B6E00EFC3BB /* RouterMainCoordinatorTests.swift */; };
		8AFDD50229B2606100CD329B /* AppDelegate.swift in Sources */ = {isa = PBXBuildFile; fileRef = 8AFDD50129B2606100CD329B /* AppDelegate.swift */; };
		8AFDD50429B2606100CD329B /* SceneDelegate.swift in Sources */ = {isa = PBXBuildFile; fileRef = 8AFDD50329B2606100CD329B /* SceneDelegate.swift */; };
		8AFDD50629B2606100CD329B /* MainViewController.swift in Sources */ = {isa = PBXBuildFile; fileRef = 8AFDD50529B2606100CD329B /* MainViewController.swift */; };
		8AFDD50B29B2606200CD329B /* Assets.xcassets in Resources */ = {isa = PBXBuildFile; fileRef = 8AFDD50A29B2606200CD329B /* Assets.xcassets */; };
		8AFDD50E29B2606200CD329B /* LaunchScreen.storyboard in Resources */ = {isa = PBXBuildFile; fileRef = 8AFDD50C29B2606200CD329B /* LaunchScreen.storyboard */; };
		8AFDD53229B272A000CD329B /* Coordinator.swift in Sources */ = {isa = PBXBuildFile; fileRef = 8AFDD53129B272A000CD329B /* Coordinator.swift */; };
		8AFDD53429B272C600CD329B /* BasicMainCoordinator.swift in Sources */ = {isa = PBXBuildFile; fileRef = 8AFDD53329B272C500CD329B /* BasicMainCoordinator.swift */; };
		8AFDD53729B27C4200CD329B /* UIViewExtension.swift in Sources */ = {isa = PBXBuildFile; fileRef = 8AFDD53629B27C4200CD329B /* UIViewExtension.swift */; };
		8AFDD53929B27E8000CD329B /* BasicPresentedViewController.swift in Sources */ = {isa = PBXBuildFile; fileRef = 8AFDD53829B27E8000CD329B /* BasicPresentedViewController.swift */; };
		8AFDD53D29B2864200CD329B /* BasicChildCoordinator.swift in Sources */ = {isa = PBXBuildFile; fileRef = 8AFDD53C29B2864200CD329B /* BasicChildCoordinator.swift */; };
		8AFDD53F29B2893500CD329B /* CoordinatorType.swift in Sources */ = {isa = PBXBuildFile; fileRef = 8AFDD53E29B2893500CD329B /* CoordinatorType.swift */; };
		8AFDD54329B292CA00CD329B /* MainViewButtonClickDelegate.swift in Sources */ = {isa = PBXBuildFile; fileRef = 8AFDD54229B292CA00CD329B /* MainViewButtonClickDelegate.swift */; };
		8AFDD54629B2940800CD329B /* NavigationControllerDelegateMainCoordinator.swift in Sources */ = {isa = PBXBuildFile; fileRef = 8AFDD54529B2940800CD329B /* NavigationControllerDelegateMainCoordinator.swift */; };
		8AFDD54829B2943D00CD329B /* NavigationControllerDelegateChildCoordinator.swift in Sources */ = {isa = PBXBuildFile; fileRef = 8AFDD54729B2943D00CD329B /* NavigationControllerDelegateChildCoordinator.swift */; };
		8AFDD54B29B298EB00CD329B /* NavControllerDelegatePresentedViewController.swift in Sources */ = {isa = PBXBuildFile; fileRef = 8AFDD54A29B298EB00CD329B /* NavControllerDelegatePresentedViewController.swift */; };
		8AFDD54E29B29B9500CD329B /* RouterMainCoordinator.swift in Sources */ = {isa = PBXBuildFile; fileRef = 8AFDD54D29B29B9500CD329B /* RouterMainCoordinator.swift */; };
		8AFDD55029B29BB400CD329B /* RouterChildPushCoordinator.swift in Sources */ = {isa = PBXBuildFile; fileRef = 8AFDD54F29B29BB400CD329B /* RouterChildPushCoordinator.swift */; };
		8AFDD55329B29BF300CD329B /* RouterPresentedViewController.swift in Sources */ = {isa = PBXBuildFile; fileRef = 8AFDD55229B29BF300CD329B /* RouterPresentedViewController.swift */; };
		8AFDD55529B29C9400CD329B /* Router.swift in Sources */ = {isa = PBXBuildFile; fileRef = 8AFDD55429B29C9400CD329B /* Router.swift */; };
		8AFDD55929B29CC400CD329B /* Presentable.swift in Sources */ = {isa = PBXBuildFile; fileRef = 8AFDD55829B29CC400CD329B /* Presentable.swift */; };
		8AFDD55C29B2AB3600CD329B /* SelfDeallocMainCoordinator.swift in Sources */ = {isa = PBXBuildFile; fileRef = 8AFDD55B29B2AB3600CD329B /* SelfDeallocMainCoordinator.swift */; };
/* End PBXBuildFile section */

/* Begin PBXContainerItemProxy section */
		8AFDD51529B2606200CD329B /* PBXContainerItemProxy */ = {
			isa = PBXContainerItemProxy;
			containerPortal = 8AFDD4F629B2606100CD329B /* Project object */;
			proxyType = 1;
			remoteGlobalIDString = 8AFDD4FD29B2606100CD329B;
			remoteInfo = "coordinator-demo";
		};
/* End PBXContainerItemProxy section */

/* Begin PBXFileReference section */
		8A233BA929B79D1900C4E35B /* SelfDeallocChildCoordinator.swift */ = {isa = PBXFileReference; lastKnownFileType = sourcecode.swift; path = SelfDeallocChildCoordinator.swift; sourceTree = "<group>"; };
		8A233BAC29B79D4B00C4E35B /* SelfDeallocPresentedViewController.swift */ = {isa = PBXFileReference; lastKnownFileType = sourcecode.swift; path = SelfDeallocPresentedViewController.swift; sourceTree = "<group>"; };
		8A49601929B933080053A54E /* RouterCoordinator.swift */ = {isa = PBXFileReference; lastKnownFileType = sourcecode.swift; path = RouterCoordinator.swift; sourceTree = "<group>"; };
		8A4AD1D529BBC3E3004AAC88 /* DeepLinkOption.swift */ = {isa = PBXFileReference; lastKnownFileType = sourcecode.swift; path = DeepLinkOption.swift; sourceTree = "<group>"; };
		8A4AD1D929BBD544004AAC88 /* BasicChildOfChildCoordinator.swift */ = {isa = PBXFileReference; lastKnownFileType = sourcecode.swift; path = BasicChildOfChildCoordinator.swift; sourceTree = "<group>"; };
		8A4AD1DB29BBD595004AAC88 /* BasicChildOfChildPresentedVC.swift */ = {isa = PBXFileReference; lastKnownFileType = sourcecode.swift; path = BasicChildOfChildPresentedVC.swift; sourceTree = "<group>"; };
		8AD00C1A29BA7B7800E2E3DF /* ChildViewData.swift */ = {isa = PBXFileReference; lastKnownFileType = sourcecode.swift; path = ChildViewData.swift; sourceTree = "<group>"; };
		8AD00C1E29BA80B400E2E3DF /* ChildViewDataChanged.swift */ = {isa = PBXFileReference; lastKnownFileType = sourcecode.swift; path = ChildViewDataChanged.swift; sourceTree = "<group>"; };
		8AD00C2029BA8BDC00E2E3DF /* RouterChildPresentCoordinator.swift */ = {isa = PBXFileReference; lastKnownFileType = sourcecode.swift; path = RouterChildPresentCoordinator.swift; sourceTree = "<group>"; };
		8AD00C2229BA8F8700E2E3DF /* SceneCoordinator.swift */ = {isa = PBXFileReference; lastKnownFileType = sourcecode.swift; path = SceneCoordinator.swift; sourceTree = "<group>"; };
		8AD4923029C0E1F200EFC3BB /* RouterChildOfChildCoordinator.swift */ = {isa = PBXFileReference; lastKnownFileType = sourcecode.swift; path = RouterChildOfChildCoordinator.swift; sourceTree = "<group>"; };
		8AD4923229C0E2A900EFC3BB /* RouterChildOfChildPresentedVC.swift */ = {isa = PBXFileReference; lastKnownFileType = sourcecode.swift; path = RouterChildOfChildPresentedVC.swift; sourceTree = "<group>"; };
		8AD4923429C0EC8600EFC3BB /* RouterTests.swift */ = {isa = PBXFileReference; lastKnownFileType = sourcecode.swift; path = RouterTests.swift; sourceTree = "<group>"; };
		8AD4923629C0EE1400EFC3BB /* NavigationController.swift */ = {isa = PBXFileReference; lastKnownFileType = sourcecode.swift; path = NavigationController.swift; sourceTree = "<group>"; };
		8AD4923829C10F5500EFC3BB /* RouterCoordinatorTests.swift */ = {isa = PBXFileReference; lastKnownFileType = sourcecode.swift; path = RouterCoordinatorTests.swift; sourceTree = "<group>"; };
		8AD4923A29C11B6E00EFC3BB /* RouterMainCoordinatorTests.swift */ = {isa = PBXFileReference; lastKnownFileType = sourcecode.swift; path = RouterMainCoordinatorTests.swift; sourceTree = "<group>"; };
		8AFDD4FE29B2606100CD329B /* coordinator-demo.app */ = {isa = PBXFileReference; explicitFileType = wrapper.application; includeInIndex = 0; path = "coordinator-demo.app"; sourceTree = BUILT_PRODUCTS_DIR; };
		8AFDD50129B2606100CD329B /* AppDelegate.swift */ = {isa = PBXFileReference; lastKnownFileType = sourcecode.swift; path = AppDelegate.swift; sourceTree = "<group>"; };
		8AFDD50329B2606100CD329B /* SceneDelegate.swift */ = {isa = PBXFileReference; lastKnownFileType = sourcecode.swift; path = SceneDelegate.swift; sourceTree = "<group>"; };
		8AFDD50529B2606100CD329B /* MainViewController.swift */ = {isa = PBXFileReference; lastKnownFileType = sourcecode.swift; path = MainViewController.swift; sourceTree = "<group>"; };
		8AFDD50A29B2606200CD329B /* Assets.xcassets */ = {isa = PBXFileReference; lastKnownFileType = folder.assetcatalog; path = Assets.xcassets; sourceTree = "<group>"; };
		8AFDD50D29B2606200CD329B /* Base */ = {isa = PBXFileReference; lastKnownFileType = file.storyboard; name = Base; path = Base.lproj/LaunchScreen.storyboard; sourceTree = "<group>"; };
		8AFDD50F29B2606200CD329B /* Info.plist */ = {isa = PBXFileReference; lastKnownFileType = text.plist.xml; path = Info.plist; sourceTree = "<group>"; };
		8AFDD51429B2606200CD329B /* coordinator-demoTests.xctest */ = {isa = PBXFileReference; explicitFileType = wrapper.cfbundle; includeInIndex = 0; path = "coordinator-demoTests.xctest"; sourceTree = BUILT_PRODUCTS_DIR; };
		8AFDD53129B272A000CD329B /* Coordinator.swift */ = {isa = PBXFileReference; lastKnownFileType = sourcecode.swift; path = Coordinator.swift; sourceTree = "<group>"; };
		8AFDD53329B272C500CD329B /* BasicMainCoordinator.swift */ = {isa = PBXFileReference; lastKnownFileType = sourcecode.swift; path = BasicMainCoordinator.swift; sourceTree = "<group>"; };
		8AFDD53629B27C4200CD329B /* UIViewExtension.swift */ = {isa = PBXFileReference; lastKnownFileType = sourcecode.swift; path = UIViewExtension.swift; sourceTree = "<group>"; };
		8AFDD53829B27E8000CD329B /* BasicPresentedViewController.swift */ = {isa = PBXFileReference; lastKnownFileType = sourcecode.swift; path = BasicPresentedViewController.swift; sourceTree = "<group>"; };
		8AFDD53C29B2864200CD329B /* BasicChildCoordinator.swift */ = {isa = PBXFileReference; lastKnownFileType = sourcecode.swift; path = BasicChildCoordinator.swift; sourceTree = "<group>"; };
		8AFDD53E29B2893500CD329B /* CoordinatorType.swift */ = {isa = PBXFileReference; lastKnownFileType = sourcecode.swift; path = CoordinatorType.swift; sourceTree = "<group>"; };
		8AFDD54229B292CA00CD329B /* MainViewButtonClickDelegate.swift */ = {isa = PBXFileReference; lastKnownFileType = sourcecode.swift; path = MainViewButtonClickDelegate.swift; sourceTree = "<group>"; };
		8AFDD54529B2940800CD329B /* NavigationControllerDelegateMainCoordinator.swift */ = {isa = PBXFileReference; lastKnownFileType = sourcecode.swift; path = NavigationControllerDelegateMainCoordinator.swift; sourceTree = "<group>"; };
		8AFDD54729B2943D00CD329B /* NavigationControllerDelegateChildCoordinator.swift */ = {isa = PBXFileReference; lastKnownFileType = sourcecode.swift; path = NavigationControllerDelegateChildCoordinator.swift; sourceTree = "<group>"; };
		8AFDD54A29B298EB00CD329B /* NavControllerDelegatePresentedViewController.swift */ = {isa = PBXFileReference; lastKnownFileType = sourcecode.swift; path = NavControllerDelegatePresentedViewController.swift; sourceTree = "<group>"; };
		8AFDD54D29B29B9500CD329B /* RouterMainCoordinator.swift */ = {isa = PBXFileReference; lastKnownFileType = sourcecode.swift; path = RouterMainCoordinator.swift; sourceTree = "<group>"; };
		8AFDD54F29B29BB400CD329B /* RouterChildPushCoordinator.swift */ = {isa = PBXFileReference; lastKnownFileType = sourcecode.swift; path = RouterChildPushCoordinator.swift; sourceTree = "<group>"; };
		8AFDD55229B29BF300CD329B /* RouterPresentedViewController.swift */ = {isa = PBXFileReference; lastKnownFileType = sourcecode.swift; path = RouterPresentedViewController.swift; sourceTree = "<group>"; };
		8AFDD55429B29C9400CD329B /* Router.swift */ = {isa = PBXFileReference; lastKnownFileType = sourcecode.swift; path = Router.swift; sourceTree = "<group>"; };
		8AFDD55829B29CC400CD329B /* Presentable.swift */ = {isa = PBXFileReference; lastKnownFileType = sourcecode.swift; path = Presentable.swift; sourceTree = "<group>"; };
		8AFDD55B29B2AB3600CD329B /* SelfDeallocMainCoordinator.swift */ = {isa = PBXFileReference; lastKnownFileType = sourcecode.swift; path = SelfDeallocMainCoordinator.swift; sourceTree = "<group>"; };
/* End PBXFileReference section */

/* Begin PBXFrameworksBuildPhase section */
		8AFDD4FB29B2606100CD329B /* Frameworks */ = {
			isa = PBXFrameworksBuildPhase;
			buildActionMask = 2147483647;
			files = (
			);
			runOnlyForDeploymentPostprocessing = 0;
		};
		8AFDD51129B2606200CD329B /* Frameworks */ = {
			isa = PBXFrameworksBuildPhase;
			buildActionMask = 2147483647;
			files = (
			);
			runOnlyForDeploymentPostprocessing = 0;
		};
/* End PBXFrameworksBuildPhase section */

/* Begin PBXGroup section */
		8A233BAB29B79D3900C4E35B /* SelfDeallocating */ = {
			isa = PBXGroup;
			children = (
				8A233BAC29B79D4B00C4E35B /* SelfDeallocPresentedViewController.swift */,
			);
			path = SelfDeallocating;
			sourceTree = "<group>";
		};
		8A4AD1DF29BBE13A004AAC88 /* Deeplink */ = {
			isa = PBXGroup;
			children = (
				8A4AD1D529BBC3E3004AAC88 /* DeepLinkOption.swift */,
			);
			path = Deeplink;
			sourceTree = "<group>";
		};
		8AD00C1929BA7B6500E2E3DF /* Data */ = {
			isa = PBXGroup;
			children = (
				8AD00C1A29BA7B7800E2E3DF /* ChildViewData.swift */,
			);
			path = Data;
			sourceTree = "<group>";
		};
		8AFDD4F529B2606100CD329B = {
			isa = PBXGroup;
			children = (
				8AFDD50029B2606100CD329B /* coordinator-demo */,
				8AFDD51729B2606200CD329B /* coordinator-demoTests */,
				8AFDD4FF29B2606100CD329B /* Products */,
			);
			sourceTree = "<group>";
		};
		8AFDD4FF29B2606100CD329B /* Products */ = {
			isa = PBXGroup;
			children = (
				8AFDD4FE29B2606100CD329B /* coordinator-demo.app */,
				8AFDD51429B2606200CD329B /* coordinator-demoTests.xctest */,
			);
			name = Products;
			sourceTree = "<group>";
		};
		8AFDD50029B2606100CD329B /* coordinator-demo */ = {
			isa = PBXGroup;
			children = (
				8A4AD1DF29BBE13A004AAC88 /* Deeplink */,
				8AD00C1929BA7B6500E2E3DF /* Data */,
				8AFDD53B29B27FEB00CD329B /* Coordinators */,
				8AFDD53529B27C3500CD329B /* Extensions */,
				8AFDD55729B29CBD00CD329B /* Protocol */,
				8AFDD53A29B27FDD00CD329B /* ViewControllers */,
				8AFDD50129B2606100CD329B /* AppDelegate.swift */,
				8AFDD50329B2606100CD329B /* SceneDelegate.swift */,
				8AD00C2229BA8F8700E2E3DF /* SceneCoordinator.swift */,
				8AFDD50A29B2606200CD329B /* Assets.xcassets */,
				8AFDD50C29B2606200CD329B /* LaunchScreen.storyboard */,
				8AFDD50F29B2606200CD329B /* Info.plist */,
			);
			path = "coordinator-demo";
			sourceTree = "<group>";
		};
		8AFDD51729B2606200CD329B /* coordinator-demoTests */ = {
			isa = PBXGroup;
			children = (
				8AD4923429C0EC8600EFC3BB /* RouterTests.swift */,
				8AD4923829C10F5500EFC3BB /* RouterCoordinatorTests.swift */,
				8AD4923A29C11B6E00EFC3BB /* RouterMainCoordinatorTests.swift */,
			);
			path = "coordinator-demoTests";
			sourceTree = "<group>";
		};
		8AFDD53529B27C3500CD329B /* Extensions */ = {
			isa = PBXGroup;
			children = (
				8AFDD53629B27C4200CD329B /* UIViewExtension.swift */,
			);
			path = Extensions;
			sourceTree = "<group>";
		};
		8AFDD53A29B27FDD00CD329B /* ViewControllers */ = {
			isa = PBXGroup;
			children = (
				8A233BAB29B79D3900C4E35B /* SelfDeallocating */,
				8AFDD54129B289A300CD329B /* Basic */,
				8AFDD50529B2606100CD329B /* MainViewController.swift */,
				8AFDD54929B298E000CD329B /* NavigationControllerDelegate */,
				8AFDD55129B29BE300CD329B /* Router */,
			);
			path = ViewControllers;
			sourceTree = "<group>";
		};
		8AFDD53B29B27FEB00CD329B /* Coordinators */ = {
			isa = PBXGroup;
			children = (
				8AFDD55A29B2AB2600CD329B /* SelfDeallocating */,
				8AFDD54029B2899A00CD329B /* Basic */,
				8AFDD53129B272A000CD329B /* Coordinator.swift */,
				8AFDD53E29B2893500CD329B /* CoordinatorType.swift */,
				8AFDD54229B292CA00CD329B /* MainViewButtonClickDelegate.swift */,
				8AFDD54429B293EE00CD329B /* NavigationControllerDelegate */,
				8AFDD54C29B29B7700CD329B /* Router */,
			);
			path = Coordinators;
			sourceTree = "<group>";
		};
		8AFDD54029B2899A00CD329B /* Basic */ = {
			isa = PBXGroup;
			children = (
				8AFDD53329B272C500CD329B /* BasicMainCoordinator.swift */,
				8AFDD53C29B2864200CD329B /* BasicChildCoordinator.swift */,
				8A4AD1D929BBD544004AAC88 /* BasicChildOfChildCoordinator.swift */,
			);
			path = Basic;
			sourceTree = "<group>";
		};
		8AFDD54129B289A300CD329B /* Basic */ = {
			isa = PBXGroup;
			children = (
				8AFDD53829B27E8000CD329B /* BasicPresentedViewController.swift */,
				8A4AD1DB29BBD595004AAC88 /* BasicChildOfChildPresentedVC.swift */,
			);
			path = Basic;
			sourceTree = "<group>";
		};
		8AFDD54429B293EE00CD329B /* NavigationControllerDelegate */ = {
			isa = PBXGroup;
			children = (
				8AFDD54529B2940800CD329B /* NavigationControllerDelegateMainCoordinator.swift */,
				8AFDD54729B2943D00CD329B /* NavigationControllerDelegateChildCoordinator.swift */,
			);
			path = NavigationControllerDelegate;
			sourceTree = "<group>";
		};
		8AFDD54929B298E000CD329B /* NavigationControllerDelegate */ = {
			isa = PBXGroup;
			children = (
				8AFDD54A29B298EB00CD329B /* NavControllerDelegatePresentedViewController.swift */,
			);
			path = NavigationControllerDelegate;
			sourceTree = "<group>";
		};
		8AFDD54C29B29B7700CD329B /* Router */ = {
			isa = PBXGroup;
			children = (
				8AFDD55429B29C9400CD329B /* Router.swift */,
				8A49601929B933080053A54E /* RouterCoordinator.swift */,
				8AFDD54D29B29B9500CD329B /* RouterMainCoordinator.swift */,
				8AFDD54F29B29BB400CD329B /* RouterChildPushCoordinator.swift */,
				8AD00C2029BA8BDC00E2E3DF /* RouterChildPresentCoordinator.swift */,
				8AD4923029C0E1F200EFC3BB /* RouterChildOfChildCoordinator.swift */,
			);
			path = Router;
			sourceTree = "<group>";
		};
		8AFDD55129B29BE300CD329B /* Router */ = {
			isa = PBXGroup;
			children = (
				8AFDD55229B29BF300CD329B /* RouterPresentedViewController.swift */,
				8AD4923229C0E2A900EFC3BB /* RouterChildOfChildPresentedVC.swift */,
			);
			path = Router;
			sourceTree = "<group>";
		};
		8AFDD55729B29CBD00CD329B /* Protocol */ = {
			isa = PBXGroup;
			children = (
				8AFDD55829B29CC400CD329B /* Presentable.swift */,
				8AD00C1E29BA80B400E2E3DF /* ChildViewDataChanged.swift */,
				8AD4923629C0EE1400EFC3BB /* NavigationController.swift */,
			);
			path = Protocol;
			sourceTree = "<group>";
		};
		8AFDD55A29B2AB2600CD329B /* SelfDeallocating */ = {
			isa = PBXGroup;
			children = (
				8AFDD55B29B2AB3600CD329B /* SelfDeallocMainCoordinator.swift */,
				8A233BA929B79D1900C4E35B /* SelfDeallocChildCoordinator.swift */,
			);
			path = SelfDeallocating;
			sourceTree = "<group>";
		};
/* End PBXGroup section */

/* Begin PBXNativeTarget section */
		8AFDD4FD29B2606100CD329B /* coordinator-demo */ = {
			isa = PBXNativeTarget;
			buildConfigurationList = 8AFDD52829B2606300CD329B /* Build configuration list for PBXNativeTarget "coordinator-demo" */;
			buildPhases = (
				8AFDD4FA29B2606100CD329B /* Sources */,
				8AFDD4FB29B2606100CD329B /* Frameworks */,
				8AFDD4FC29B2606100CD329B /* Resources */,
			);
			buildRules = (
			);
			dependencies = (
			);
			name = "coordinator-demo";
			productName = "coordinator-demo";
			productReference = 8AFDD4FE29B2606100CD329B /* coordinator-demo.app */;
			productType = "com.apple.product-type.application";
		};
		8AFDD51329B2606200CD329B /* coordinator-demoTests */ = {
			isa = PBXNativeTarget;
			buildConfigurationList = 8AFDD52B29B2606300CD329B /* Build configuration list for PBXNativeTarget "coordinator-demoTests" */;
			buildPhases = (
				8AFDD51029B2606200CD329B /* Sources */,
				8AFDD51129B2606200CD329B /* Frameworks */,
				8AFDD51229B2606200CD329B /* Resources */,
			);
			buildRules = (
			);
			dependencies = (
				8AFDD51629B2606200CD329B /* PBXTargetDependency */,
			);
			name = "coordinator-demoTests";
			productName = "coordinator-demoTests";
			productReference = 8AFDD51429B2606200CD329B /* coordinator-demoTests.xctest */;
			productType = "com.apple.product-type.bundle.unit-test";
		};
/* End PBXNativeTarget section */

/* Begin PBXProject section */
		8AFDD4F629B2606100CD329B /* Project object */ = {
			isa = PBXProject;
			attributes = {
				BuildIndependentTargetsInParallel = 1;
				LastSwiftUpdateCheck = 1410;
				LastUpgradeCheck = 1410;
				TargetAttributes = {
					8AFDD4FD29B2606100CD329B = {
						CreatedOnToolsVersion = 14.1;
					};
					8AFDD51329B2606200CD329B = {
						CreatedOnToolsVersion = 14.1;
						TestTargetID = 8AFDD4FD29B2606100CD329B;
					};
				};
			};
			buildConfigurationList = 8AFDD4F929B2606100CD329B /* Build configuration list for PBXProject "coordinator-demo" */;
			compatibilityVersion = "Xcode 14.0";
			developmentRegion = en;
			hasScannedForEncodings = 0;
			knownRegions = (
				en,
				Base,
			);
			mainGroup = 8AFDD4F529B2606100CD329B;
			productRefGroup = 8AFDD4FF29B2606100CD329B /* Products */;
			projectDirPath = "";
			projectRoot = "";
			targets = (
				8AFDD4FD29B2606100CD329B /* coordinator-demo */,
				8AFDD51329B2606200CD329B /* coordinator-demoTests */,
			);
		};
/* End PBXProject section */

/* Begin PBXResourcesBuildPhase section */
		8AFDD4FC29B2606100CD329B /* Resources */ = {
			isa = PBXResourcesBuildPhase;
			buildActionMask = 2147483647;
			files = (
				8AFDD50E29B2606200CD329B /* LaunchScreen.storyboard in Resources */,
				8AFDD50B29B2606200CD329B /* Assets.xcassets in Resources */,
			);
			runOnlyForDeploymentPostprocessing = 0;
		};
		8AFDD51229B2606200CD329B /* Resources */ = {
			isa = PBXResourcesBuildPhase;
			buildActionMask = 2147483647;
			files = (
			);
			runOnlyForDeploymentPostprocessing = 0;
		};
/* End PBXResourcesBuildPhase section */

/* Begin PBXSourcesBuildPhase section */
		8AFDD4FA29B2606100CD329B /* Sources */ = {
			isa = PBXSourcesBuildPhase;
			buildActionMask = 2147483647;
			files = (
				8AD00C1B29BA7B7800E2E3DF /* ChildViewData.swift in Sources */,
				8AD4923329C0E2A900EFC3BB /* RouterChildOfChildPresentedVC.swift in Sources */,
				8A4AD1D629BBC3E3004AAC88 /* DeepLinkOption.swift in Sources */,
				8AFDD53729B27C4200CD329B /* UIViewExtension.swift in Sources */,
				8AFDD53229B272A000CD329B /* Coordinator.swift in Sources */,
				8A4AD1DC29BBD595004AAC88 /* BasicChildOfChildPresentedVC.swift in Sources */,
				8AFDD55C29B2AB3600CD329B /* SelfDeallocMainCoordinator.swift in Sources */,
				8AD4923129C0E1F200EFC3BB /* RouterChildOfChildCoordinator.swift in Sources */,
				8AFDD50629B2606100CD329B /* MainViewController.swift in Sources */,
				8AD4923729C0EE1400EFC3BB /* NavigationController.swift in Sources */,
				8AD00C2129BA8BDC00E2E3DF /* RouterChildPresentCoordinator.swift in Sources */,
				8AFDD54329B292CA00CD329B /* MainViewButtonClickDelegate.swift in Sources */,
				8A49601A29B933080053A54E /* RouterCoordinator.swift in Sources */,
				8AFDD54629B2940800CD329B /* NavigationControllerDelegateMainCoordinator.swift in Sources */,
				8AD00C1F29BA80B400E2E3DF /* ChildViewDataChanged.swift in Sources */,
				8AFDD53D29B2864200CD329B /* BasicChildCoordinator.swift in Sources */,
				8AFDD50229B2606100CD329B /* AppDelegate.swift in Sources */,
				8AFDD54B29B298EB00CD329B /* NavControllerDelegatePresentedViewController.swift in Sources */,
				8AFDD55329B29BF300CD329B /* RouterPresentedViewController.swift in Sources */,
				8AFDD53F29B2893500CD329B /* CoordinatorType.swift in Sources */,
				8AFDD55529B29C9400CD329B /* Router.swift in Sources */,
				8AFDD54829B2943D00CD329B /* NavigationControllerDelegateChildCoordinator.swift in Sources */,
				8AFDD54E29B29B9500CD329B /* RouterMainCoordinator.swift in Sources */,
				8AFDD53429B272C600CD329B /* BasicMainCoordinator.swift in Sources */,
				8AFDD55029B29BB400CD329B /* RouterChildPushCoordinator.swift in Sources */,
				8AFDD50429B2606100CD329B /* SceneDelegate.swift in Sources */,
				8A233BAD29B79D4B00C4E35B /* SelfDeallocPresentedViewController.swift in Sources */,
				8AFDD53929B27E8000CD329B /* BasicPresentedViewController.swift in Sources */,
				8A4AD1DA29BBD544004AAC88 /* BasicChildOfChildCoordinator.swift in Sources */,
				8AD00C2329BA8F8700E2E3DF /* SceneCoordinator.swift in Sources */,
				8A233BAA29B79D1900C4E35B /* SelfDeallocChildCoordinator.swift in Sources */,
				8AFDD55929B29CC400CD329B /* Presentable.swift in Sources */,
			);
			runOnlyForDeploymentPostprocessing = 0;
		};
		8AFDD51029B2606200CD329B /* Sources */ = {
			isa = PBXSourcesBuildPhase;
			buildActionMask = 2147483647;
			files = (
				8AD4923529C0EC8600EFC3BB /* RouterTests.swift in Sources */,
				8AD4923B29C11B6E00EFC3BB /* RouterMainCoordinatorTests.swift in Sources */,
				8AD4923929C10F5500EFC3BB /* RouterCoordinatorTests.swift in Sources */,
			);
			runOnlyForDeploymentPostprocessing = 0;
		};
/* End PBXSourcesBuildPhase section */

/* Begin PBXTargetDependency section */
		8AFDD51629B2606200CD329B /* PBXTargetDependency */ = {
			isa = PBXTargetDependency;
			target = 8AFDD4FD29B2606100CD329B /* coordinator-demo */;
			targetProxy = 8AFDD51529B2606200CD329B /* PBXContainerItemProxy */;
		};
/* End PBXTargetDependency section */

/* Begin PBXVariantGroup section */
		8AFDD50C29B2606200CD329B /* LaunchScreen.storyboard */ = {
			isa = PBXVariantGroup;
			children = (
				8AFDD50D29B2606200CD329B /* Base */,
			);
			name = LaunchScreen.storyboard;
			sourceTree = "<group>";
		};
/* End PBXVariantGroup section */

/* Begin XCBuildConfiguration section */
		8AFDD52629B2606300CD329B /* Debug */ = {
			isa = XCBuildConfiguration;
			buildSettings = {
				ALWAYS_SEARCH_USER_PATHS = NO;
				CLANG_ANALYZER_NONNULL = YES;
				CLANG_ANALYZER_NUMBER_OBJECT_CONVERSION = YES_AGGRESSIVE;
				CLANG_CXX_LANGUAGE_STANDARD = "gnu++20";
				CLANG_ENABLE_MODULES = YES;
				CLANG_ENABLE_OBJC_ARC = YES;
				CLANG_ENABLE_OBJC_WEAK = YES;
				CLANG_WARN_BLOCK_CAPTURE_AUTORELEASING = YES;
				CLANG_WARN_BOOL_CONVERSION = YES;
				CLANG_WARN_COMMA = YES;
				CLANG_WARN_CONSTANT_CONVERSION = YES;
				CLANG_WARN_DEPRECATED_OBJC_IMPLEMENTATIONS = YES;
				CLANG_WARN_DIRECT_OBJC_ISA_USAGE = YES_ERROR;
				CLANG_WARN_DOCUMENTATION_COMMENTS = YES;
				CLANG_WARN_EMPTY_BODY = YES;
				CLANG_WARN_ENUM_CONVERSION = YES;
				CLANG_WARN_INFINITE_RECURSION = YES;
				CLANG_WARN_INT_CONVERSION = YES;
				CLANG_WARN_NON_LITERAL_NULL_CONVERSION = YES;
				CLANG_WARN_OBJC_IMPLICIT_RETAIN_SELF = YES;
				CLANG_WARN_OBJC_LITERAL_CONVERSION = YES;
				CLANG_WARN_OBJC_ROOT_CLASS = YES_ERROR;
				CLANG_WARN_QUOTED_INCLUDE_IN_FRAMEWORK_HEADER = YES;
				CLANG_WARN_RANGE_LOOP_ANALYSIS = YES;
				CLANG_WARN_STRICT_PROTOTYPES = YES;
				CLANG_WARN_SUSPICIOUS_MOVE = YES;
				CLANG_WARN_UNGUARDED_AVAILABILITY = YES_AGGRESSIVE;
				CLANG_WARN_UNREACHABLE_CODE = YES;
				CLANG_WARN__DUPLICATE_METHOD_MATCH = YES;
				COPY_PHASE_STRIP = NO;
				DEBUG_INFORMATION_FORMAT = dwarf;
				ENABLE_STRICT_OBJC_MSGSEND = YES;
				ENABLE_TESTABILITY = YES;
				GCC_C_LANGUAGE_STANDARD = gnu11;
				GCC_DYNAMIC_NO_PIC = NO;
				GCC_NO_COMMON_BLOCKS = YES;
				GCC_OPTIMIZATION_LEVEL = 0;
				GCC_PREPROCESSOR_DEFINITIONS = (
					"DEBUG=1",
					"$(inherited)",
				);
				GCC_WARN_64_TO_32_BIT_CONVERSION = YES;
				GCC_WARN_ABOUT_RETURN_TYPE = YES_ERROR;
				GCC_WARN_UNDECLARED_SELECTOR = YES;
				GCC_WARN_UNINITIALIZED_AUTOS = YES_AGGRESSIVE;
				GCC_WARN_UNUSED_FUNCTION = YES;
				GCC_WARN_UNUSED_VARIABLE = YES;
				IPHONEOS_DEPLOYMENT_TARGET = 16.1;
				MTL_ENABLE_DEBUG_INFO = INCLUDE_SOURCE;
				MTL_FAST_MATH = YES;
				ONLY_ACTIVE_ARCH = YES;
				SDKROOT = iphoneos;
				SWIFT_ACTIVE_COMPILATION_CONDITIONS = DEBUG;
				SWIFT_OPTIMIZATION_LEVEL = "-Onone";
			};
			name = Debug;
		};
		8AFDD52729B2606300CD329B /* Release */ = {
			isa = XCBuildConfiguration;
			buildSettings = {
				ALWAYS_SEARCH_USER_PATHS = NO;
				CLANG_ANALYZER_NONNULL = YES;
				CLANG_ANALYZER_NUMBER_OBJECT_CONVERSION = YES_AGGRESSIVE;
				CLANG_CXX_LANGUAGE_STANDARD = "gnu++20";
				CLANG_ENABLE_MODULES = YES;
				CLANG_ENABLE_OBJC_ARC = YES;
				CLANG_ENABLE_OBJC_WEAK = YES;
				CLANG_WARN_BLOCK_CAPTURE_AUTORELEASING = YES;
				CLANG_WARN_BOOL_CONVERSION = YES;
				CLANG_WARN_COMMA = YES;
				CLANG_WARN_CONSTANT_CONVERSION = YES;
				CLANG_WARN_DEPRECATED_OBJC_IMPLEMENTATIONS = YES;
				CLANG_WARN_DIRECT_OBJC_ISA_USAGE = YES_ERROR;
				CLANG_WARN_DOCUMENTATION_COMMENTS = YES;
				CLANG_WARN_EMPTY_BODY = YES;
				CLANG_WARN_ENUM_CONVERSION = YES;
				CLANG_WARN_INFINITE_RECURSION = YES;
				CLANG_WARN_INT_CONVERSION = YES;
				CLANG_WARN_NON_LITERAL_NULL_CONVERSION = YES;
				CLANG_WARN_OBJC_IMPLICIT_RETAIN_SELF = YES;
				CLANG_WARN_OBJC_LITERAL_CONVERSION = YES;
				CLANG_WARN_OBJC_ROOT_CLASS = YES_ERROR;
				CLANG_WARN_QUOTED_INCLUDE_IN_FRAMEWORK_HEADER = YES;
				CLANG_WARN_RANGE_LOOP_ANALYSIS = YES;
				CLANG_WARN_STRICT_PROTOTYPES = YES;
				CLANG_WARN_SUSPICIOUS_MOVE = YES;
				CLANG_WARN_UNGUARDED_AVAILABILITY = YES_AGGRESSIVE;
				CLANG_WARN_UNREACHABLE_CODE = YES;
				CLANG_WARN__DUPLICATE_METHOD_MATCH = YES;
				COPY_PHASE_STRIP = NO;
				DEBUG_INFORMATION_FORMAT = "dwarf-with-dsym";
				ENABLE_NS_ASSERTIONS = NO;
				ENABLE_STRICT_OBJC_MSGSEND = YES;
				GCC_C_LANGUAGE_STANDARD = gnu11;
				GCC_NO_COMMON_BLOCKS = YES;
				GCC_WARN_64_TO_32_BIT_CONVERSION = YES;
				GCC_WARN_ABOUT_RETURN_TYPE = YES_ERROR;
				GCC_WARN_UNDECLARED_SELECTOR = YES;
				GCC_WARN_UNINITIALIZED_AUTOS = YES_AGGRESSIVE;
				GCC_WARN_UNUSED_FUNCTION = YES;
				GCC_WARN_UNUSED_VARIABLE = YES;
				IPHONEOS_DEPLOYMENT_TARGET = 16.1;
				MTL_ENABLE_DEBUG_INFO = NO;
				MTL_FAST_MATH = YES;
				SDKROOT = iphoneos;
				SWIFT_COMPILATION_MODE = wholemodule;
				SWIFT_OPTIMIZATION_LEVEL = "-O";
				VALIDATE_PRODUCT = YES;
			};
			name = Release;
		};
		8AFDD52929B2606300CD329B /* Debug */ = {
			isa = XCBuildConfiguration;
			buildSettings = {
				ASSETCATALOG_COMPILER_APPICON_NAME = AppIcon;
				ASSETCATALOG_COMPILER_GLOBAL_ACCENT_COLOR_NAME = AccentColor;
				CODE_SIGN_STYLE = Automatic;
				CURRENT_PROJECT_VERSION = 1;
				DEVELOPMENT_TEAM = 6Q3T35NW57;
				GENERATE_INFOPLIST_FILE = YES;
				INFOPLIST_FILE = "coordinator-demo/Info.plist";
				INFOPLIST_KEY_UIApplicationSupportsIndirectInputEvents = YES;
				INFOPLIST_KEY_UILaunchStoryboardName = LaunchScreen.storyboard;
				INFOPLIST_KEY_UISupportedInterfaceOrientations_iPad = "UIInterfaceOrientationPortrait UIInterfaceOrientationPortraitUpsideDown UIInterfaceOrientationLandscapeLeft UIInterfaceOrientationLandscapeRight";
				INFOPLIST_KEY_UISupportedInterfaceOrientations_iPhone = "UIInterfaceOrientationPortrait UIInterfaceOrientationLandscapeLeft UIInterfaceOrientationLandscapeRight";
				IPHONEOS_DEPLOYMENT_TARGET = 14.0;
				LD_RUNPATH_SEARCH_PATHS = (
					"$(inherited)",
					"@executable_path/Frameworks",
				);
				MARKETING_VERSION = 1.0;
				PRODUCT_BUNDLE_IDENTIFIER = "com.dev.lmarceau.coordinator-demo";
				PRODUCT_NAME = "$(TARGET_NAME)";
				SWIFT_EMIT_LOC_STRINGS = YES;
				SWIFT_VERSION = 5.0;
				TARGETED_DEVICE_FAMILY = "1,2";
			};
			name = Debug;
		};
		8AFDD52A29B2606300CD329B /* Release */ = {
			isa = XCBuildConfiguration;
			buildSettings = {
				ASSETCATALOG_COMPILER_APPICON_NAME = AppIcon;
				ASSETCATALOG_COMPILER_GLOBAL_ACCENT_COLOR_NAME = AccentColor;
				CODE_SIGN_STYLE = Automatic;
				CURRENT_PROJECT_VERSION = 1;
				DEVELOPMENT_TEAM = 6Q3T35NW57;
				GENERATE_INFOPLIST_FILE = YES;
				INFOPLIST_FILE = "coordinator-demo/Info.plist";
				INFOPLIST_KEY_UIApplicationSupportsIndirectInputEvents = YES;
				INFOPLIST_KEY_UILaunchStoryboardName = LaunchScreen.storyboard;
				INFOPLIST_KEY_UISupportedInterfaceOrientations_iPad = "UIInterfaceOrientationPortrait UIInterfaceOrientationPortraitUpsideDown UIInterfaceOrientationLandscapeLeft UIInterfaceOrientationLandscapeRight";
				INFOPLIST_KEY_UISupportedInterfaceOrientations_iPhone = "UIInterfaceOrientationPortrait UIInterfaceOrientationLandscapeLeft UIInterfaceOrientationLandscapeRight";
				IPHONEOS_DEPLOYMENT_TARGET = 14.0;
				LD_RUNPATH_SEARCH_PATHS = (
					"$(inherited)",
					"@executable_path/Frameworks",
				);
				MARKETING_VERSION = 1.0;
				PRODUCT_BUNDLE_IDENTIFIER = "com.dev.lmarceau.coordinator-demo";
				PRODUCT_NAME = "$(TARGET_NAME)";
				SWIFT_EMIT_LOC_STRINGS = YES;
				SWIFT_VERSION = 5.0;
				TARGETED_DEVICE_FAMILY = "1,2";
			};
			name = Release;
		};
		8AFDD52C29B2606300CD329B /* Debug */ = {
			isa = XCBuildConfiguration;
			buildSettings = {
				ALWAYS_EMBED_SWIFT_STANDARD_LIBRARIES = YES;
				BUNDLE_LOADER = "$(TEST_HOST)";
				CODE_SIGN_STYLE = Automatic;
				CURRENT_PROJECT_VERSION = 1;
				DEVELOPMENT_TEAM = 6Q3T35NW57;
				GENERATE_INFOPLIST_FILE = YES;
				IPHONEOS_DEPLOYMENT_TARGET = 16.1;
				MARKETING_VERSION = 1.0;
				PRODUCT_BUNDLE_IDENTIFIER = "com.dev.lmarceau.coordinator-demoTests";
				PRODUCT_NAME = "$(TARGET_NAME)";
				SWIFT_EMIT_LOC_STRINGS = NO;
				SWIFT_VERSION = 5.0;
				TARGETED_DEVICE_FAMILY = "1,2";
				TEST_HOST = "$(BUILT_PRODUCTS_DIR)/coordinator-demo.app/$(BUNDLE_EXECUTABLE_FOLDER_PATH)/coordinator-demo";
			};
			name = Debug;
		};
		8AFDD52D29B2606300CD329B /* Release */ = {
			isa = XCBuildConfiguration;
			buildSettings = {
				ALWAYS_EMBED_SWIFT_STANDARD_LIBRARIES = YES;
				BUNDLE_LOADER = "$(TEST_HOST)";
				CODE_SIGN_STYLE = Automatic;
				CURRENT_PROJECT_VERSION = 1;
				DEVELOPMENT_TEAM = 6Q3T35NW57;
				GENERATE_INFOPLIST_FILE = YES;
				IPHONEOS_DEPLOYMENT_TARGET = 16.1;
				MARKETING_VERSION = 1.0;
				PRODUCT_BUNDLE_IDENTIFIER = "com.dev.lmarceau.coordinator-demoTests";
				PRODUCT_NAME = "$(TARGET_NAME)";
				SWIFT_EMIT_LOC_STRINGS = NO;
				SWIFT_VERSION = 5.0;
				TARGETED_DEVICE_FAMILY = "1,2";
				TEST_HOST = "$(BUILT_PRODUCTS_DIR)/coordinator-demo.app/$(BUNDLE_EXECUTABLE_FOLDER_PATH)/coordinator-demo";
			};
			name = Release;
		};
/* End XCBuildConfiguration section */

/* Begin XCConfigurationList section */
		8AFDD4F929B2606100CD329B /* Build configuration list for PBXProject "coordinator-demo" */ = {
			isa = XCConfigurationList;
			buildConfigurations = (
				8AFDD52629B2606300CD329B /* Debug */,
				8AFDD52729B2606300CD329B /* Release */,
			);
			defaultConfigurationIsVisible = 0;
			defaultConfigurationName = Release;
		};
		8AFDD52829B2606300CD329B /* Build configuration list for PBXNativeTarget "coordinator-demo" */ = {
			isa = XCConfigurationList;
			buildConfigurations = (
				8AFDD52929B2606300CD329B /* Debug */,
				8AFDD52A29B2606300CD329B /* Release */,
			);
			defaultConfigurationIsVisible = 0;
			defaultConfigurationName = Release;
		};
		8AFDD52B29B2606300CD329B /* Build configuration list for PBXNativeTarget "coordinator-demoTests" */ = {
			isa = XCConfigurationList;
			buildConfigurations = (
				8AFDD52C29B2606300CD329B /* Debug */,
				8AFDD52D29B2606300CD329B /* Release */,
			);
			defaultConfigurationIsVisible = 0;
			defaultConfigurationName = Release;
		};
/* End XCConfigurationList section */
	};
	rootObject = 8AFDD4F629B2606100CD329B /* Project object */;
}
